
Microsoft Visual Studio Solution File, Format Version 12.00
# Visual Studio Version 16
VisualStudioVersion = 16.0.32802.440
MinimumVisualStudioVersion = 10.0.40219.1
Project("{FAE04EC0-301F-11D3-BF4B-00C04F79EFBC}") = "e1", "e1\e1.csproj", "{E1426530-9E73-4402-BD61-2717088393BA}"
EndProject
Global
	GlobalSection(SolutionConfigurationPlatforms) = preSolution
		Debug|Any CPU = Debug|Any CPU
		Release|Any CPU = Release|Any CPU
	EndGlobalSection
	GlobalSection(ProjectConfigurationPlatforms) = postSolution
		{E1426530-9E73-4402-BD61-2717088393BA}.Debug|Any CPU.ActiveCfg = Debug|Any CPU
		{E1426530-9E73-4402-BD61-2717088393BA}.Debug|Any CPU.Build.0 = Debug|Any CPU
		{E1426530-9E73-4402-BD61-2717088393BA}.Release|Any CPU.ActiveCfg = Release|Any CPU
		{E1426530-9E73-4402-BD61-2717088393BA}.Release|Any CPU.Build.0 = Release|Any CPU
	EndGlobalSection
	GlobalSection(SolutionProperties) = preSolution
		HideSolutionNode = FALSE
	EndGlobalSection
	GlobalSection(ExtensibilityGlobals) = postSolution
		SolutionGuid = {A2134F20-CDB9-4BD2-9393-63E7B5B5E314}
	EndGlobalSection
EndGlobal
