
Microsoft Visual Studio Solution File, Format Version 12.00
# Visual Studio Version 16
VisualStudioVersion = 16.0.32802.440
MinimumVisualStudioVersion = 10.0.40219.1
Project("{FAE04EC0-301F-11D3-BF4B-00C04F79EFBC}") = "t1_databaseFirst", "t1_databaseFirst\t1_databaseFirst.csproj", "{24B757E8-9BCE-4AF9-9D98-9C7B7BC9E643}"
EndProject
Global
	GlobalSection(SolutionConfigurationPlatforms) = preSolution
		Debug|Any CPU = Debug|Any CPU
		Release|Any CPU = Release|Any CPU
	EndGlobalSection
	GlobalSection(ProjectConfigurationPlatforms) = postSolution
		{24B757E8-9BCE-4AF9-9D98-9C7B7BC9E643}.Debug|Any CPU.ActiveCfg = Debug|Any CPU
		{24B757E8-9BCE-4AF9-9D98-9C7B7BC9E643}.Debug|Any CPU.Build.0 = Debug|Any CPU
		{24B757E8-9BCE-4AF9-9D98-9C7B7BC9E643}.Release|Any CPU.ActiveCfg = Release|Any CPU
		{24B757E8-9BCE-4AF9-9D98-9C7B7BC9E643}.Release|Any CPU.Build.0 = Release|Any CPU
	EndGlobalSection
	GlobalSection(SolutionProperties) = preSolution
		HideSolutionNode = FALSE
	EndGlobalSection
	GlobalSection(ExtensibilityGlobals) = postSolution
		SolutionGuid = {C4C197B1-9E51-4E73-8FA1-BAAD7C2C1803}
	EndGlobalSection
EndGlobal
