
Microsoft Visual Studio Solution File, Format Version 12.00
# Visual Studio Version 16
VisualStudioVersion = 16.0.32802.440
MinimumVisualStudioVersion = 10.0.40219.1
Project("{F184B08F-C81C-45F6-A57F-5ABD9991F28F}") = "11- Tarea 8- Path", "11- Tarea 8- Path\11- Tarea 8- Path.vbproj", "{57D2A3F2-6555-42E2-A180-E440B4CD539B}"
EndProject
Global
	GlobalSection(SolutionConfigurationPlatforms) = preSolution
		Debug|Any CPU = Debug|Any CPU
		Release|Any CPU = Release|Any CPU
	EndGlobalSection
	GlobalSection(ProjectConfigurationPlatforms) = postSolution
		{57D2A3F2-6555-42E2-A180-E440B4CD539B}.Debug|Any CPU.ActiveCfg = Debug|Any CPU
		{57D2A3F2-6555-42E2-A180-E440B4CD539B}.Debug|Any CPU.Build.0 = Debug|Any CPU
		{57D2A3F2-6555-42E2-A180-E440B4CD539B}.Release|Any CPU.ActiveCfg = Release|Any CPU
		{57D2A3F2-6555-42E2-A180-E440B4CD539B}.Release|Any CPU.Build.0 = Release|Any CPU
	EndGlobalSection
	GlobalSection(SolutionProperties) = preSolution
		HideSolutionNode = FALSE
	EndGlobalSection
	GlobalSection(ExtensibilityGlobals) = postSolution
		SolutionGuid = {D2D06407-02C1-4E6D-B06B-4277342561A4}
	EndGlobalSection
EndGlobal
