
Microsoft Visual Studio Solution File, Format Version 12.00
# Visual Studio Version 16
VisualStudioVersion = 16.0.32802.440
MinimumVisualStudioVersion = 10.0.40219.1
Project("{F184B08F-C81C-45F6-A57F-5ABD9991F28F}") = "proyecto", "proyecto\proyecto.vbproj", "{B05B8C1C-4AFC-4076-8257-286FAFD1B1FA}"
EndProject
Global
	GlobalSection(SolutionConfigurationPlatforms) = preSolution
		Debug|Any CPU = Debug|Any CPU
		Release|Any CPU = Release|Any CPU
	EndGlobalSection
	GlobalSection(ProjectConfigurationPlatforms) = postSolution
		{B05B8C1C-4AFC-4076-8257-286FAFD1B1FA}.Debug|Any CPU.ActiveCfg = Debug|Any CPU
		{B05B8C1C-4AFC-4076-8257-286FAFD1B1FA}.Debug|Any CPU.Build.0 = Debug|Any CPU
		{B05B8C1C-4AFC-4076-8257-286FAFD1B1FA}.Release|Any CPU.ActiveCfg = Release|Any CPU
		{B05B8C1C-4AFC-4076-8257-286FAFD1B1FA}.Release|Any CPU.Build.0 = Release|Any CPU
	EndGlobalSection
	GlobalSection(SolutionProperties) = preSolution
		HideSolutionNode = FALSE
	EndGlobalSection
	GlobalSection(ExtensibilityGlobals) = postSolution
		SolutionGuid = {C1E01A93-E192-4AA5-9B7E-6771E02311BA}
	EndGlobalSection
EndGlobal
