
Microsoft Visual Studio Solution File, Format Version 12.00
# Visual Studio Version 16
VisualStudioVersion = 16.0.32802.440
MinimumVisualStudioVersion = 10.0.40219.1
Project("{F184B08F-C81C-45F6-A57F-5ABD9991F28F}") = "t5_InvocarProcedimientosAlmacenados", "t5_InvocarProcedimientosAlmacenados\t5_InvocarProcedimientosAlmacenados.vbproj", "{F860CF09-FF93-47E3-A97A-420EB1A4D451}"
EndProject
Global
	GlobalSection(SolutionConfigurationPlatforms) = preSolution
		Debug|Any CPU = Debug|Any CPU
		Release|Any CPU = Release|Any CPU
	EndGlobalSection
	GlobalSection(ProjectConfigurationPlatforms) = postSolution
		{F860CF09-FF93-47E3-A97A-420EB1A4D451}.Debug|Any CPU.ActiveCfg = Debug|Any CPU
		{F860CF09-FF93-47E3-A97A-420EB1A4D451}.Debug|Any CPU.Build.0 = Debug|Any CPU
		{F860CF09-FF93-47E3-A97A-420EB1A4D451}.Release|Any CPU.ActiveCfg = Release|Any CPU
		{F860CF09-FF93-47E3-A97A-420EB1A4D451}.Release|Any CPU.Build.0 = Release|Any CPU
	EndGlobalSection
	GlobalSection(SolutionProperties) = preSolution
		HideSolutionNode = FALSE
	EndGlobalSection
	GlobalSection(ExtensibilityGlobals) = postSolution
		SolutionGuid = {278ABD93-4EFB-486E-B45B-EA57B6200524}
	EndGlobalSection
EndGlobal
